github.com/engineer-fumi/gowc v0.0.0-20201017131725-7c75295c63f1 h1:k9lQpX5eAKXbQSd/GMGLZ47bMsWcq+fR9HLwmiyHZ3o=
github.com/engineer-fumi/gowc v0.0.0-20201017133352-30cd50dd4b48 h1:AuSYGf5xxDMOMehOLyBszOHs7fa1TwW905Bzpu3wIXs=
github.com/engineer-fumi/gowc v0.0.0-20201017133352-30cd50dd4b48/go.mod h1:tk1Qh+1k6/v+dV3jH7yAJe8RPtopbNsq4OP4kxne49E=
